Microsoft Visual Studio Solution File, Format Version 12.00
# Visual Studio Version 17
VisualStudioVersion = 17.5.2.0
MinimumVisualStudioVersion = 10.0.40219.1
Project("{FAE04EC0-301F-11D3-BF4B-00C04F79EFBC}") = "CanteenBillingSystem", "CanteenBillingSystem.csproj", "{6ACE0F3D-FD6E-F244-C34B-BA36A13F6E72}"
EndProject
Global
	GlobalSection(SolutionConfigurationPlatforms) = preSolution
		Debug|Any CPU = Debug|Any CPU
		Release|Any CPU = Release|Any CPU
	EndGlobalSection
	GlobalSection(ProjectConfigurationPlatforms) = postSolution
		{6ACE0F3D-FD6E-F244-C34B-BA36A13F6E72}.Debug|Any CPU.ActiveCfg = Debug|Any CPU
		{6ACE0F3D-FD6E-F244-C34B-BA36A13F6E72}.Debug|Any CPU.Build.0 = Debug|Any CPU
		{6ACE0F3D-FD6E-F244-C34B-BA36A13F6E72}.Release|Any CPU.ActiveCfg = Release|Any CPU
		{6ACE0F3D-FD6E-F244-C34B-BA36A13F6E72}.Release|Any CPU.Build.0 = Release|Any CPU
	EndGlobalSection
	GlobalSection(SolutionProperties) = preSolution
		HideSolutionNode = FALSE
	EndGlobalSection
	GlobalSection(ExtensibilityGlobals) = postSolution
		SolutionGuid = {DA802DD9-69ED-4E38-96B2-F0A6ACC73EAE}
	EndGlobalSection
EndGlobal
